
Microsoft Visual Studio Solution File, Format Version 12.00
# Visual Studio Version 17
VisualStudioVersion = 17.12.35527.113
MinimumVisualStudioVersion = 10.0.40219.1
Project("{2150E333-8FDC-42A3-9474-1A3956D46DE8}") = "src", "src", "{ED306B7E-AD66-431E-9FFE-2240BA760FE9}"
EndProject
Project("{FAE04EC0-301F-11D3-BF4B-00C04F79EFBC}") = "Marketplace.API", "src\Marketplace.API\Marketplace.API.csproj", "{DB6FBD37-9C55-4F43-8B3B-CBDCB82A19E9}"
EndProject
Project("{FAE04EC0-301F-11D3-BF4B-00C04F79EFBC}") = "Admin.Api", "src\Admin.Api\Admin.Api.csproj", "{B710E2B1-912D-47F3-AE0C-6CFFC3BBBA21}"
EndProject
Project("{FAE04EC0-301F-11D3-BF4B-00C04F79EFBC}") = "Admin.Infrastructure", "src\Admin.Infrastructure\Admin.Infrastructure.csproj", "{24938BF1-6D64-4CFF-BB6D-8A78A79691E8}"
EndProject
Project("{FAE04EC0-301F-11D3-BF4B-00C04F79EFBC}") = "Admin.Domain", "src\Admin.Domain\Admin.Domain.csproj", "{387AA611-918D-479B-BA45-DE9A3A0DDB66}"
EndProject
Project("{FAE04EC0-301F-11D3-BF4B-00C04F79EFBC}") = "Admin.Application", "src\Admin.Application\Admin.Application.csproj", "{0E72DF35-DF15-4F6E-AA6B-08E97D74DE97}"
EndProject
Project("{FAE04EC0-301F-11D3-BF4B-00C04F79EFBC}") = "Shop.Domain", "src\Shop.Domain\Shop.Domain.csproj", "{58F594D1-5E59-42A8-A0B3-DFE1A207F194}"
EndProject
Project("{FAE04EC0-301F-11D3-BF4B-00C04F79EFBC}") = "Shop.Infrastructure", "src\Shop.Infrastructure\Shop.Infrastructure.csproj", "{7F4B6EF0-A0A7-4120-9375-E4D06835B828}"
EndProject
Project("{FAE04EC0-301F-11D3-BF4B-00C04F79EFBC}") = "Shop.Api", "src\Shop.Api\Shop.Api\Shop.Api.csproj", "{A8B65CE6-0195-4676-B87B-63096A54D324}"
EndProject
Project("{FAE04EC0-301F-11D3-BF4B-00C04F79EFBC}") = "Shop.Application", "src\Shop.Application\Shop.Application.csproj", "{6531D9B4-AB7F-4BCC-A4FA-A337ED79FEAB}"
EndProject
Global
	GlobalSection(SolutionConfigurationPlatforms) = preSolution
		Debug|Any CPU = Debug|Any CPU
		Release|Any CPU = Release|Any CPU
	EndGlobalSection
	GlobalSection(ProjectConfigurationPlatforms) = postSolution
		{DB6FBD37-9C55-4F43-8B3B-CBDCB82A19E9}.Debug|Any CPU.ActiveCfg = Debug|Any CPU
		{DB6FBD37-9C55-4F43-8B3B-CBDCB82A19E9}.Debug|Any CPU.Build.0 = Debug|Any CPU
		{DB6FBD37-9C55-4F43-8B3B-CBDCB82A19E9}.Release|Any CPU.ActiveCfg = Release|Any CPU
		{DB6FBD37-9C55-4F43-8B3B-CBDCB82A19E9}.Release|Any CPU.Build.0 = Release|Any CPU
		{B710E2B1-912D-47F3-AE0C-6CFFC3BBBA21}.Debug|Any CPU.ActiveCfg = Debug|Any CPU
		{B710E2B1-912D-47F3-AE0C-6CFFC3BBBA21}.Debug|Any CPU.Build.0 = Debug|Any CPU
		{B710E2B1-912D-47F3-AE0C-6CFFC3BBBA21}.Release|Any CPU.ActiveCfg = Release|Any CPU
		{B710E2B1-912D-47F3-AE0C-6CFFC3BBBA21}.Release|Any CPU.Build.0 = Release|Any CPU
		{24938BF1-6D64-4CFF-BB6D-8A78A79691E8}.Debug|Any CPU.ActiveCfg = Debug|Any CPU
		{24938BF1-6D64-4CFF-BB6D-8A78A79691E8}.Debug|Any CPU.Build.0 = Debug|Any CPU
		{24938BF1-6D64-4CFF-BB6D-8A78A79691E8}.Release|Any CPU.ActiveCfg = Release|Any CPU
		{24938BF1-6D64-4CFF-BB6D-8A78A79691E8}.Release|Any CPU.Build.0 = Release|Any CPU
		{387AA611-918D-479B-BA45-DE9A3A0DDB66}.Debug|Any CPU.ActiveCfg = Debug|Any CPU
		{387AA611-918D-479B-BA45-DE9A3A0DDB66}.Debug|Any CPU.Build.0 = Debug|Any CPU
		{387AA611-918D-479B-BA45-DE9A3A0DDB66}.Release|Any CPU.ActiveCfg = Release|Any CPU
		{387AA611-918D-479B-BA45-DE9A3A0DDB66}.Release|Any CPU.Build.0 = Release|Any CPU
		{0E72DF35-DF15-4F6E-AA6B-08E97D74DE97}.Debug|Any CPU.ActiveCfg = Debug|Any CPU
		{0E72DF35-DF15-4F6E-AA6B-08E97D74DE97}.Debug|Any CPU.Build.0 = Debug|Any CPU
		{0E72DF35-DF15-4F6E-AA6B-08E97D74DE97}.Release|Any CPU.ActiveCfg = Release|Any CPU
		{0E72DF35-DF15-4F6E-AA6B-08E97D74DE97}.Release|Any CPU.Build.0 = Release|Any CPU
		{58F594D1-5E59-42A8-A0B3-DFE1A207F194}.Debug|Any CPU.ActiveCfg = Debug|Any CPU
		{58F594D1-5E59-42A8-A0B3-DFE1A207F194}.Debug|Any CPU.Build.0 = Debug|Any CPU
		{58F594D1-5E59-42A8-A0B3-DFE1A207F194}.Release|Any CPU.ActiveCfg = Release|Any CPU
		{58F594D1-5E59-42A8-A0B3-DFE1A207F194}.Release|Any CPU.Build.0 = Release|Any CPU
		{7F4B6EF0-A0A7-4120-9375-E4D06835B828}.Debug|Any CPU.ActiveCfg = Debug|Any CPU
		{7F4B6EF0-A0A7-4120-9375-E4D06835B828}.Debug|Any CPU.Build.0 = Debug|Any CPU
		{7F4B6EF0-A0A7-4120-9375-E4D06835B828}.Release|Any CPU.ActiveCfg = Release|Any CPU
		{7F4B6EF0-A0A7-4120-9375-E4D06835B828}.Release|Any CPU.Build.0 = Release|Any CPU
		{A8B65CE6-0195-4676-B87B-63096A54D324}.Debug|Any CPU.ActiveCfg = Debug|Any CPU
		{A8B65CE6-0195-4676-B87B-63096A54D324}.Debug|Any CPU.Build.0 = Debug|Any CPU
		{A8B65CE6-0195-4676-B87B-63096A54D324}.Release|Any CPU.ActiveCfg = Release|Any CPU
		{A8B65CE6-0195-4676-B87B-63096A54D324}.Release|Any CPU.Build.0 = Release|Any CPU
		{6531D9B4-AB7F-4BCC-A4FA-A337ED79FEAB}.Debug|Any CPU.ActiveCfg = Debug|Any CPU
		{6531D9B4-AB7F-4BCC-A4FA-A337ED79FEAB}.Debug|Any CPU.Build.0 = Debug|Any CPU
		{6531D9B4-AB7F-4BCC-A4FA-A337ED79FEAB}.Release|Any CPU.ActiveCfg = Release|Any CPU
		{6531D9B4-AB7F-4BCC-A4FA-A337ED79FEAB}.Release|Any CPU.Build.0 = Release|Any CPU
	EndGlobalSection
	GlobalSection(SolutionProperties) = preSolution
		HideSolutionNode = FALSE
	EndGlobalSection
	GlobalSection(NestedProjects) = preSolution
		{DB6FBD37-9C55-4F43-8B3B-CBDCB82A19E9} = {ED306B7E-AD66-431E-9FFE-2240BA760FE9}
		{B710E2B1-912D-47F3-AE0C-6CFFC3BBBA21} = {ED306B7E-AD66-431E-9FFE-2240BA760FE9}
		{24938BF1-6D64-4CFF-BB6D-8A78A79691E8} = {ED306B7E-AD66-431E-9FFE-2240BA760FE9}
		{387AA611-918D-479B-BA45-DE9A3A0DDB66} = {ED306B7E-AD66-431E-9FFE-2240BA760FE9}
		{0E72DF35-DF15-4F6E-AA6B-08E97D74DE97} = {ED306B7E-AD66-431E-9FFE-2240BA760FE9}
		{58F594D1-5E59-42A8-A0B3-DFE1A207F194} = {ED306B7E-AD66-431E-9FFE-2240BA760FE9}
		{7F4B6EF0-A0A7-4120-9375-E4D06835B828} = {ED306B7E-AD66-431E-9FFE-2240BA760FE9}
		{A8B65CE6-0195-4676-B87B-63096A54D324} = {ED306B7E-AD66-431E-9FFE-2240BA760FE9}
		{6531D9B4-AB7F-4BCC-A4FA-A337ED79FEAB} = {ED306B7E-AD66-431E-9FFE-2240BA760FE9}
	EndGlobalSection
EndGlobal
